PODS:
  - Alamofire (3.1.5)
  - Device.swift (0.3.1)
  - FontAwesome.swift (0.7.0)
  - SVProgressHUD (1.1.3)
  - SwipeView (1.3.2)

DEPENDENCIES:
  - Alamofire (~> 3.0)
  - Device.swift
  - FontAwesome.swift
  - SVProgressHUD
  - SwipeView (~> 1.3)

SPEC CHECKSUMS:
  Alamofire: 5f730ba29fd113b7ddd71c1e65d0c630acf5d7b0
  Device.swift: d396648eebcfc424944acfdb7391817e4bdec4e9
  FontAwesome.swift: c6e30a1a81716306ff9c81f2d38dda88ac5b8294
  SVProgressHUD: 748080e4f36e603f6c02aec292664239df5279c1
  SwipeView: bd67cfaf7760c036438446b3ccb28a3b84fce009

COCOAPODS: 0.39.0
